// !$*UTF8*$!
{
	archiveVersion = 1;
	classes = {
	};
	objectVersion = 77;
	objects = {

/* Begin PBXContainerItemProxy section */
		3FF37CCE2E8B9A7C006BBBE2 /* PBXContainerItemProxy */ = {
			isa = PBXContainerItemProxy;
			containerPortal = 3FF37CB82E8B9A7A006BBBE2 /* Project object */;
			proxyType = 1;
			remoteGlobalIDString = 3FF37CBF2E8B9A7A006BBBE2;
			remoteInfo = W03_TH_Jevon;
		};
		3FF37CD82E8B9A7C006BBBE2 /* PBXContainerItemProxy */ = {
			isa = PBXContainerItemProxy;
			containerPortal = 3FF37CB82E8B9A7A006BBBE2 /* Project object */;
			proxyType = 1;
			remoteGlobalIDString = 3FF37CBF2E8B9A7A006BBBE2;
			remoteInfo = W03_TH_Jevon;
		};
/* End PBXContainerItemProxy section */

/* Begin PBXFileReference section */
		3FF37CC02E8B9A7A006BBBE2 /* W03_TH_Jevon.app */ = {isa = PBXFileReference; explicitFileType = wrapper.application; includeInIndex = 0; path = W03_TH_Jevon.app; sourceTree = BUILT_PRODUCTS_DIR; };
		3FF37CCD2E8B9A7C006BBBE2 /* W03_TH_JevonTests.xctest */ = {isa = PBXFileReference; explicitFileType = wrapper.cfbundle; includeInIndex = 0; path = W03_TH_JevonTests.xctest; sourceTree = BUILT_PRODUCTS_DIR; };
		3FF37CD72E8B9A7C006BBBE2 /* W03_TH_JevonUITests.xctest */ = {isa = PBXFileReference; explicitFileType = wrapper.cfbundle; includeInIndex = 0; path = W03_TH_JevonUITests.xctest; sourceTree = BUILT_PRODUCTS_DIR; };
/* End PBXFileReference section */

/* Begin PBXFileSystemSynchronizedRootGroup section */
		3FF37CC22E8B9A7A006BBBE2 /* W03_TH_Jevon */ = {
			isa = PBXFileSystemSynchronizedRootGroup;
			path = W03_TH_Jevon;
			sourceTree = "<group>";
		};
		3FF37CD02E8B9A7C006BBBE2 /* W03_TH_JevonTests */ = {
			isa = PBXFileSystemSynchronizedRootGroup;
			path = W03_TH_JevonTests;
			sourceTree = "<group>";
		};
		3FF37CDA2E8B9A7C006BBBE2 /* W03_TH_JevonUITests */ = {
			isa = PBXFileSystemSynchronizedRootGroup;
			path = W03_TH_JevonUITests;
			sourceTree = "<group>";
		};
/* End PBXFileSystemSynchronizedRootGroup section */

/* Begin PBXFrameworksBuildPhase section */
		3FF37CBD2E8B9A7A006BBBE2 /* Frameworks */ = {
			isa = PBXFrameworksBuildPhase;
			buildActionMask = 2147483647;
			files = (
			);
			runOnlyForDeploymentPostprocessing = 0;
		};
		3FF37CCA2E8B9A7C006BBBE2 /* Frameworks */ = {
			isa = PBXFrameworksBuildPhase;
			buildActionMask = 2147483647;
			files = (
			);
			runOnlyForDeploymentPostprocessing = 0;
		};
		3FF37CD42E8B9A7C006BBBE2 /* Frameworks */ = {
			isa = PBXFrameworksBuildPhase;
			buildActionMask = 2147483647;
			files = (
			);
			runOnlyForDeploymentPostprocessing = 0;
		};
/* End PBXFrameworksBuildPhase section */

/* Begin PBXGroup section */
		3FF37CB72E8B9A7A006BBBE2 = {
			isa = PBXGroup;
			children = (
				3FF37CC22E8B9A7A006BBBE2 /* W03_TH_Jevon */,
				3FF37CD02E8B9A7C006BBBE2 /* W03_TH_JevonTests */,
				3FF37CDA2E8B9A7C006BBBE2 /* W03_TH_JevonUITests */,
				3FF37CC12E8B9A7A006BBBE2 /* Products */,
			);
			sourceTree = "<group>";
		};
		3FF37CC12E8B9A7A006BBBE2 /* Products */ = {
			isa = PBXGroup;
			children = (
				3FF37CC02E8B9A7A006BBBE2 /* W03_TH_Jevon.app */,
				3FF37CCD2E8B9A7C006BBBE2 /* W03_TH_JevonTests.xctest */,
				3FF37CD72E8B9A7C006BBBE2 /* W03_TH_JevonUITests.xctest */,
			);
			name = Products;
			sourceTree = "<group>";
		};
/* End PBXGroup section */

/* Begin PBXNativeTarget section */
		3FF37CBF2E8B9A7A006BBBE2 /* W03_TH_Jevon */ = {
			isa = PBXNativeTarget;
			buildConfigurationList = 3FF37CE12E8B9A7C006BBBE2 /* Build configuration list for PBXNativeTarget "W03_TH_Jevon" */;
			buildPhases = (
				3FF37CBC2E8B9A7A006BBBE2 /* Sources */,
				3FF37CBD2E8B9A7A006BBBE2 /* Frameworks */,
				3FF37CBE2E8B9A7A006BBBE2 /* Resources */,
			);
			buildRules = (
			);
			dependencies = (
			);
			fileSystemSynchronizedGroups = (
				3FF37CC22E8B9A7A006BBBE2 /* W03_TH_Jevon */,
			);
			name = W03_TH_Jevon;
			packageProductDependencies = (
			);
			productName = W03_TH_Jevon;
			productReference = 3FF37CC02E8B9A7A006BBBE2 /* W03_TH_Jevon.app */;
			productType = "com.apple.product-type.application";
		};
		3FF37CCC2E8B9A7C006BBBE2 /* W03_TH_JevonTests */ = {
			isa = PBXNativeTarget;
			buildConfigurationList = 3FF37CE42E8B9A7C006BBBE2 /* Build configuration list for PBXNativeTarget "W03_TH_JevonTests" */;
			buildPhases = (
				3FF37CC92E8B9A7C006BBBE2 /* Sources */,
				3FF37CCA2E8B9A7C006BBBE2 /* Frameworks */,
				3FF37CCB2E8B9A7C006BBBE2 /* Resources */,
			);
			buildRules = (
			);
			dependencies = (
				3FF37CCF2E8B9A7C006BBBE2 /* PBXTargetDependency */,
			);
			fileSystemSynchronizedGroups = (
				3FF37CD02E8B9A7C006BBBE2 /* W03_TH_JevonTests */,
			);
			name = W03_TH_JevonTests;
			packageProductDependencies = (
			);
			productName = W03_TH_JevonTests;
			productReference = 3FF37CCD2E8B9A7C006BBBE2 /* W03_TH_JevonTests.xctest */;
			productType = "com.apple.product-type.bundle.unit-test";
		};
		3FF37CD62E8B9A7C006BBBE2 /* W03_TH_JevonUITests */ = {
			isa = PBXNativeTarget;
			buildConfigurationList = 3FF37CE72E8B9A7C006BBBE2 /* Build configuration list for PBXNativeTarget "W03_TH_JevonUITests" */;
			buildPhases = (
				3FF37CD32E8B9A7C006BBBE2 /* Sources */,
				3FF37CD42E8B9A7C006BBBE2 /* Frameworks */,
				3FF37CD52E8B9A7C006BBBE2 /* Resources */,
			);
			buildRules = (
			);
			dependencies = (
				3FF37CD92E8B9A7C006BBBE2 /* PBXTargetDependency */,
			);
			fileSystemSynchronizedGroups = (
				3FF37CDA2E8B9A7C006BBBE2 /* W03_TH_JevonUITests */,
			);
			name = W03_TH_JevonUITests;
			packageProductDependencies = (
			);
			productName = W03_TH_JevonUITests;
			productReference = 3FF37CD72E8B9A7C006BBBE2 /* W03_TH_JevonUITests.xctest */;
			productType = "com.apple.product-type.bundle.ui-testing";
		};
/* End PBXNativeTarget section */

/* Begin PBXProject section */
		3FF37CB82E8B9A7A006BBBE2 /* Project object */ = {
			isa = PBXProject;
			attributes = {
				BuildIndependentTargetsInParallel = 1;
				LastSwiftUpdateCheck = 1640;
				LastUpgradeCheck = 1640;
				TargetAttributes = {
					3FF37CBF2E8B9A7A006BBBE2 = {
						CreatedOnToolsVersion = 16.4;
					};
					3FF37CCC2E8B9A7C006BBBE2 = {
						CreatedOnToolsVersion = 16.4;
						TestTargetID = 3FF37CBF2E8B9A7A006BBBE2;
					};
					3FF37CD62E8B9A7C006BBBE2 = {
						CreatedOnToolsVersion = 16.4;
						TestTargetID = 3FF37CBF2E8B9A7A006BBBE2;
					};
				};
			};
			buildConfigurationList = 3FF37CBB2E8B9A7A006BBBE2 /* Build configuration list for PBXProject "W03_TH_Jevon" */;
			developmentRegion = en;
			hasScannedForEncodings = 0;
			knownRegions = (
				en,
				Base,
			);
			mainGroup = 3FF37CB72E8B9A7A006BBBE2;
			minimizedProjectReferenceProxies = 1;
			preferredProjectObjectVersion = 77;
			productRefGroup = 3FF37CC12E8B9A7A006BBBE2 /* Products */;
			projectDirPath = "";
			projectRoot = "";
			targets = (
				3FF37CBF2E8B9A7A006BBBE2 /* W03_TH_Jevon */,
				3FF37CCC2E8B9A7C006BBBE2 /* W03_TH_JevonTests */,
				3FF37CD62E8B9A7C006BBBE2 /* W03_TH_JevonUITests */,
			);
		};
/* End PBXProject section */

/* Begin PBXResourcesBuildPhase section */
		3FF37CBE2E8B9A7A006BBBE2 /* Resources */ = {
			isa = PBXResourcesBuildPhase;
			buildActionMask = 2147483647;
			files = (
			);
			runOnlyForDeploymentPostprocessing = 0;
		};
		3FF37CCB2E8B9A7C006BBBE2 /* Resources */ = {
			isa = PBXResourcesBuildPhase;
			buildActionMask = 2147483647;
			files = (
			);
			runOnlyForDeploymentPostprocessing = 0;
		};
		3FF37CD52E8B9A7C006BBBE2 /* Resources */ = {
			isa = PBXResourcesBuildPhase;
			buildActionMask = 2147483647;
			files = (
			);
			runOnlyForDeploymentPostprocessing = 0;
		};
/* End PBXResourcesBuildPhase section */

/* Begin PBXSourcesBuildPhase section */
		3FF37CBC2E8B9A7A006BBBE2 /* Sources */ = {
			isa = PBXSourcesBuildPhase;
			buildActionMask = 2147483647;
			files = (
			);
			runOnlyForDeploymentPostprocessing = 0;
		};
		3FF37CC92E8B9A7C006BBBE2 /* Sources */ = {
			isa = PBXSourcesBuildPhase;
			buildActionMask = 2147483647;
			files = (
			);
			runOnlyForDeploymentPostprocessing = 0;
		};
		3FF37CD32E8B9A7C006BBBE2 /* Sources */ = {
			isa = PBXSourcesBuildPhase;
			buildActionMask = 2147483647;
			files = (
			);
			runOnlyForDeploymentPostprocessing = 0;
		};
/* End PBXSourcesBuildPhase section */

/* Begin PBXTargetDependency section */
		3FF37CCF2E8B9A7C006BBBE2 /* PBXTargetDependency */ = {
			isa = PBXTargetDependency;
			target = 3FF37CBF2E8B9A7A006BBBE2 /* W03_TH_Jevon */;
			targetProxy = 3FF37CCE2E8B9A7C006BBBE2 /* PBXContainerItemProxy */;
		};
		3FF37CD92E8B9A7C006BBBE2 /* PBXTargetDependency */ = {
			isa = PBXTargetDependency;
			target = 3FF37CBF2E8B9A7A006BBBE2 /* W03_TH_Jevon */;
			targetProxy = 3FF37CD82E8B9A7C006BBBE2 /* PBXContainerItemProxy */;
		};
/* End PBXTargetDependency section */

/* Begin XCBuildConfiguration section */
		3FF37CDF2E8B9A7C006BBBE2 /* Debug */ = {
			isa = XCBuildConfiguration;
			buildSettings = {
				ALWAYS_SEARCH_USER_PATHS = NO;
				ASSETCATALOG_COMPILER_GENERATE_SWIFT_ASSET_SYMBOL_EXTENSIONS = YES;
				CLANG_ANALYZER_NONNULL = YES;
				CLANG_ANALYZER_NUMBER_OBJECT_CONVERSION = YES_AGGRESSIVE;
				CLANG_CXX_LANGUAGE_STANDARD = "gnu++20";
				CLANG_ENABLE_MODULES = YES;
				CLANG_ENABLE_OBJC_ARC = YES;
				CLANG_ENABLE_OBJC_WEAK = YES;
				CLANG_WARN_BLOCK_CAPTURE_AUTORELEASING = YES;
				CLANG_WARN_BOOL_CONVERSION = YES;
				CLANG_WARN_COMMA = YES;
				CLANG_WARN_CONSTANT_CONVERSION = YES;
				CLANG_WARN_DEPRECATED_OBJC_IMPLEMENTATIONS = YES;
				CLANG_WARN_DIRECT_OBJC_ISA_USAGE = YES_ERROR;
				CLANG_WARN_DOCUMENTATION_COMMENTS = YES;
				CLANG_WARN_EMPTY_BODY = YES;
				CLANG_WARN_ENUM_CONVERSION = YES;
				CLANG_WARN_INFINITE_RECURSION = YES;
				CLANG_WARN_INT_CONVERSION = YES;
				CLANG_WARN_NON_LITERAL_NULL_CONVERSION = YES;
				CLANG_WARN_OBJC_IMPLICIT_RETAIN_SELF = YES;
				CLANG_WARN_OBJC_LITERAL_CONVERSION = YES;
				CLANG_WARN_OBJC_ROOT_CLASS = YES_ERROR;
				CLANG_WARN_QUOTED_INCLUDE_IN_FRAMEWORK_HEADER = YES;
				CLANG_WARN_RANGE_LOOP_ANALYSIS = YES;
				CLANG_WARN_STRICT_PROTOTYPES = YES;
				CLANG_WARN_SUSPICIOUS_MOVE = YES;
				CLANG_WARN_UNGUARDED_AVAILABILITY = YES_AGGRESSIVE;
				CLANG_WARN_UNREACHABLE_CODE = YES;
				CLANG_WARN__DUPLICATE_METHOD_MATCH = YES;
				COPY_PHASE_STRIP = NO;
				DEBUG_INFORMATION_FORMAT = dwarf;
				ENABLE_STRICT_OBJC_MSGSEND = YES;
				ENABLE_TESTABILITY = YES;
				ENABLE_USER_SCRIPT_SANDBOXING = YES;
				GCC_C_LANGUAGE_STANDARD = gnu17;
				GCC_DYNAMIC_NO_PIC = NO;
				GCC_NO_COMMON_BLOCKS = YES;
				GCC_OPTIMIZATION_LEVEL = 0;
				GCC_PREPROCESSOR_DEFINITIONS = (
					"DEBUG=1",
					"$(inherited)",
				);
				GCC_WARN_64_TO_32_BIT_CONVERSION = YES;
				GCC_WARN_ABOUT_RETURN_TYPE = YES_ERROR;
				GCC_WARN_UNDECLARED_SELECTOR = YES;
				GCC_WARN_UNINITIALIZED_AUTOS = YES_AGGRESSIVE;
				GCC_WARN_UNUSED_FUNCTION = YES;
				GCC_WARN_UNUSED_VARIABLE = YES;
				IPHONEOS_DEPLOYMENT_TARGET = 18.5;
				LOCALIZATION_PREFERS_STRING_CATALOGS = YES;
				MTL_ENABLE_DEBUG_INFO = INCLUDE_SOURCE;
				MTL_FAST_MATH = YES;
				ONLY_ACTIVE_ARCH = YES;
				SDKROOT = iphoneos;
				SWIFT_ACTIVE_COMPILATION_CONDITIONS = "DEBUG $(inherited)";
				SWIFT_OPTIMIZATION_LEVEL = "-Onone";
			};
			name = Debug;
		};
		3FF37CE02E8B9A7C006BBBE2 /* Release */ = {
			isa = XCBuildConfiguration;
			buildSettings = {
				ALWAYS_SEARCH_USER_PATHS = NO;
				ASSETCATALOG_COMPILER_GENERATE_SWIFT_ASSET_SYMBOL_EXTENSIONS = YES;
				CLANG_ANALYZER_NONNULL = YES;
				CLANG_ANALYZER_NUMBER_OBJECT_CONVERSION = YES_AGGRESSIVE;
				CLANG_CXX_LANGUAGE_STANDARD = "gnu++20";
				CLANG_ENABLE_MODULES = YES;
				CLANG_ENABLE_OBJC_ARC = YES;
				CLANG_ENABLE_OBJC_WEAK = YES;
				CLANG_WARN_BLOCK_CAPTURE_AUTORELEASING = YES;
				CLANG_WARN_BOOL_CONVERSION = YES;
				CLANG_WARN_COMMA = YES;
				CLANG_WARN_CONSTANT_CONVERSION = YES;
				CLANG_WARN_DEPRECATED_OBJC_IMPLEMENTATIONS = YES;
				CLANG_WARN_DIRECT_OBJC_ISA_USAGE = YES_ERROR;
				CLANG_WARN_DOCUMENTATION_COMMENTS = YES;
				CLANG_WARN_EMPTY_BODY = YES;
				CLANG_WARN_ENUM_CONVERSION = YES;
				CLANG_WARN_INFINITE_RECURSION = YES;
				CLANG_WARN_INT_CONVERSION = YES;
				CLANG_WARN_NON_LITERAL_NULL_CONVERSION = YES;
				CLANG_WARN_OBJC_IMPLICIT_RETAIN_SELF = YES;
				CLANG_WARN_OBJC_LITERAL_CONVERSION = YES;
				CLANG_WARN_OBJC_ROOT_CLASS = YES_ERROR;
				CLANG_WARN_QUOTED_INCLUDE_IN_FRAMEWORK_HEADER = YES;
				CLANG_WARN_RANGE_LOOP_ANALYSIS = YES;
				CLANG_WARN_STRICT_PROTOTYPES = YES;
				CLANG_WARN_SUSPICIOUS_MOVE = YES;
				CLANG_WARN_UNGUARDED_AVAILABILITY = YES_AGGRESSIVE;
				CLANG_WARN_UNREACHABLE_CODE = YES;
				CLANG_WARN__DUPLICATE_METHOD_MATCH = YES;
				COPY_PHASE_STRIP = NO;
				DEBUG_INFORMATION_FORMAT = "dwarf-with-dsym";
				ENABLE_NS_ASSERTIONS = NO;
				ENABLE_STRICT_OBJC_MSGSEND = YES;
				ENABLE_USER_SCRIPT_SANDBOXING = YES;
				GCC_C_LANGUAGE_STANDARD = gnu17;
				GCC_NO_COMMON_BLOCKS = YES;
				GCC_WARN_64_TO_32_BIT_CONVERSION = YES;
				GCC_WARN_ABOUT_RETURN_TYPE = YES_ERROR;
				GCC_WARN_UNDECLARED_SELECTOR = YES;
				GCC_WARN_UNINITIALIZED_AUTOS = YES_AGGRESSIVE;
				GCC_WARN_UNUSED_FUNCTION = YES;
				GCC_WARN_UNUSED_VARIABLE = YES;
				IPHONEOS_DEPLOYMENT_TARGET = 18.5;
				LOCALIZATION_PREFERS_STRING_CATALOGS = YES;
				MTL_ENABLE_DEBUG_INFO = NO;
				MTL_FAST_MATH = YES;
				SDKROOT = iphoneos;
				SWIFT_COMPILATION_MODE = wholemodule;
				VALIDATE_PRODUCT = YES;
			};
			name = Release;
		};
		3FF37CE22E8B9A7C006BBBE2 /* Debug */ = {
			isa = XCBuildConfiguration;
			buildSettings = {
				ASSETCATALOG_COMPILER_APPICON_NAME = AppIcon;
				ASSETCATALOG_COMPILER_GLOBAL_ACCENT_COLOR_NAME = AccentColor;
				CODE_SIGN_STYLE = Automatic;
				CURRENT_PROJECT_VERSION = 1;
				ENABLE_PREVIEWS = YES;
				GENERATE_INFOPLIST_FILE = YES;
				INFOPLIST_KEY_UIApplicationSceneManifest_Generation = YES;
				INFOPLIST_KEY_UIApplicationSupportsIndirectInputEvents = YES;
				INFOPLIST_KEY_UILaunchScreen_Generation = YES;
				INFOPLIST_KEY_UISupportedInterfaceOrientations_iPad = "UIInterfaceOrientationPortrait UIInterfaceOrientationPortraitUpsideDown UIInterfaceOrientationLandscapeLeft UIInterfaceOrientationLandscapeRight";
				INFOPLIST_KEY_UISupportedInterfaceOrientations_iPhone = "UIInterfaceOrientationPortrait UIInterfaceOrientationLandscapeLeft UIInterfaceOrientationLandscapeRight";
				LD_RUNPATH_SEARCH_PATHS = (
					"$(inherited)",
					"@executable_path/Frameworks",
				);
				MARKETING_VERSION = 1.0;
				PRODUCT_BUNDLE_IDENTIFIER = "UC.W03-TH-Jevon";
				PRODUCT_NAME = "$(TARGET_NAME)";
				SWIFT_EMIT_LOC_STRINGS = YES;
				SWIFT_VERSION = 5.0;
				TARGETED_DEVICE_FAMILY = "1,2";
			};
			name = Debug;
		};
		3FF37CE32E8B9A7C006BBBE2 /* Release */ = {
			isa = XCBuildConfiguration;
			buildSettings = {
				ASSETCATALOG_COMPILER_APPICON_NAME = AppIcon;
				ASSETCATALOG_COMPILER_GLOBAL_ACCENT_COLOR_NAME = AccentColor;
				CODE_SIGN_STYLE = Automatic;
				CURRENT_PROJECT_VERSION = 1;
				ENABLE_PREVIEWS = YES;
				GENERATE_INFOPLIST_FILE = YES;
				INFOPLIST_KEY_UIApplicationSceneManifest_Generation = YES;
				INFOPLIST_KEY_UIApplicationSupportsIndirectInputEvents = YES;
				INFOPLIST_KEY_UILaunchScreen_Generation = YES;
				INFOPLIST_KEY_UISupportedInterfaceOrientations_iPad = "UIInterfaceOrientationPortrait UIInterfaceOrientationPortraitUpsideDown UIInterfaceOrientationLandscapeLeft UIInterfaceOrientationLandscapeRight";
				INFOPLIST_KEY_UISupportedInterfaceOrientations_iPhone = "UIInterfaceOrientationPortrait UIInterfaceOrientationLandscapeLeft UIInterfaceOrientationLandscapeRight";
				LD_RUNPATH_SEARCH_PATHS = (
					"$(inherited)",
					"@executable_path/Frameworks",
				);
				MARKETING_VERSION = 1.0;
				PRODUCT_BUNDLE_IDENTIFIER = "UC.W03-TH-Jevon";
				PRODUCT_NAME = "$(TARGET_NAME)";
				SWIFT_EMIT_LOC_STRINGS = YES;
				SWIFT_VERSION = 5.0;
				TARGETED_DEVICE_FAMILY = "1,2";
			};
			name = Release;
		};
		3FF37CE52E8B9A7C006BBBE2 /* Debug */ = {
			isa = XCBuildConfiguration;
			buildSettings = {
				BUNDLE_LOADER = "$(TEST_HOST)";
				CODE_SIGN_STYLE = Automatic;
				CURRENT_PROJECT_VERSION = 1;
				GENERATE_INFOPLIST_FILE = YES;
				IPHONEOS_DEPLOYMENT_TARGET = 18.5;
				MARKETING_VERSION = 1.0;
				PRODUCT_BUNDLE_IDENTIFIER = "UC.W03-TH-JevonTests";
				PRODUCT_NAME = "$(TARGET_NAME)";
				SWIFT_EMIT_LOC_STRINGS = NO;
				SWIFT_VERSION = 5.0;
				TARGETED_DEVICE_FAMILY = "1,2";
				TEST_HOST = "$(BUILT_PRODUCTS_DIR)/W03_TH_Jevon.app/$(BUNDLE_EXECUTABLE_FOLDER_PATH)/W03_TH_Jevon";
			};
			name = Debug;
		};
		3FF37CE62E8B9A7C006BBBE2 /* Release */ = {
			isa = XCBuildConfiguration;
			buildSettings = {
				BUNDLE_LOADER = "$(TEST_HOST)";
				CODE_SIGN_STYLE = Automatic;
				CURRENT_PROJECT_VERSION = 1;
				GENERATE_INFOPLIST_FILE = YES;
				IPHONEOS_DEPLOYMENT_TARGET = 18.5;
				MARKETING_VERSION = 1.0;
				PRODUCT_BUNDLE_IDENTIFIER = "UC.W03-TH-JevonTests";
				PRODUCT_NAME = "$(TARGET_NAME)";
				SWIFT_EMIT_LOC_STRINGS = NO;
				SWIFT_VERSION = 5.0;
				TARGETED_DEVICE_FAMILY = "1,2";
				TEST_HOST = "$(BUILT_PRODUCTS_DIR)/W03_TH_Jevon.app/$(BUNDLE_EXECUTABLE_FOLDER_PATH)/W03_TH_Jevon";
			};
			name = Release;
		};
		3FF37CE82E8B9A7C006BBBE2 /* Debug */ = {
			isa = XCBuildConfiguration;
			buildSettings = {
				CODE_SIGN_STYLE = Automatic;
				CURRENT_PROJECT_VERSION = 1;
				GENERATE_INFOPLIST_FILE = YES;
				MARKETING_VERSION = 1.0;
				PRODUCT_BUNDLE_IDENTIFIER = "UC.W03-TH-JevonUITests";
				PRODUCT_NAME = "$(TARGET_NAME)";
				SWIFT_EMIT_LOC_STRINGS = NO;
				SWIFT_VERSION = 5.0;
				TARGETED_DEVICE_FAMILY = "1,2";
				TEST_TARGET_NAME = W03_TH_Jevon;
			};
			name = Debug;
		};
		3FF37CE92E8B9A7C006BBBE2 /* Release */ = {
			isa = XCBuildConfiguration;
			buildSettings = {
				CODE_SIGN_STYLE = Automatic;
				CURRENT_PROJECT_VERSION = 1;
				GENERATE_INFOPLIST_FILE = YES;
				MARKETING_VERSION = 1.0;
				PRODUCT_BUNDLE_IDENTIFIER = "UC.W03-TH-JevonUITests";
				PRODUCT_NAME = "$(TARGET_NAME)";
				SWIFT_EMIT_LOC_STRINGS = NO;
				SWIFT_VERSION = 5.0;
				TARGETED_DEVICE_FAMILY = "1,2";
				TEST_TARGET_NAME = W03_TH_Jevon;
			};
			name = Release;
		};
/* End XCBuildConfiguration section */

/* Begin XCConfigurationList section */
		3FF37CBB2E8B9A7A006BBBE2 /* Build configuration list for PBXProject "W03_TH_Jevon" */ = {
			isa = XCConfigurationList;
			buildConfigurations = (
				3FF37CDF2E8B9A7C006BBBE2 /* Debug */,
				3FF37CE02E8B9A7C006BBBE2 /* Release */,
			);
			defaultConfigurationIsVisible = 0;
			defaultConfigurationName = Release;
		};
		3FF37CE12E8B9A7C006BBBE2 /* Build configuration list for PBXNativeTarget "W03_TH_Jevon" */ = {
			isa = XCConfigurationList;
			buildConfigurations = (
				3FF37CE22E8B9A7C006BBBE2 /* Debug */,
				3FF37CE32E8B9A7C006BBBE2 /* Release */,
			);
			defaultConfigurationIsVisible = 0;
			defaultConfigurationName = Release;
		};
		3FF37CE42E8B9A7C006BBBE2 /* Build configuration list for PBXNativeTarget "W03_TH_JevonTests" */ = {
			isa = XCConfigurationList;
			buildConfigurations = (
				3FF37CE52E8B9A7C006BBBE2 /* Debug */,
				3FF37CE62E8B9A7C006BBBE2 /* Release */,
			);
			defaultConfigurationIsVisible = 0;
			defaultConfigurationName = Release;
		};
		3FF37CE72E8B9A7C006BBBE2 /* Build configuration list for PBXNativeTarget "W03_TH_JevonUITests" */ = {
			isa = XCConfigurationList;
			buildConfigurations = (
				3FF37CE82E8B9A7C006BBBE2 /* Debug */,
				3FF37CE92E8B9A7C006BBBE2 /* Release */,
			);
			defaultConfigurationIsVisible = 0;
			defaultConfigurationName = Release;
		};
/* End XCConfigurationList section */
	};
	rootObject = 3FF37CB82E8B9A7A006BBBE2 /* Project object */;
}
