// !$*UTF8*$!
{
	archiveVersion = 1;
	classes = {
	};
	objectVersion = 77;
	objects = {

/* Begin PBXContainerItemProxy section */
		3F3A49192E8500B90093BDAA /* PBXContainerItemProxy */ = {
			isa = PBXContainerItemProxy;
			containerPortal = 3F3A49032E8500B80093BDAA /* Project object */;
			proxyType = 1;
			remoteGlobalIDString = 3F3A490A2E8500B80093BDAA;
			remoteInfo = W03_Jevon;
		};
		3F3A49232E8500B90093BDAA /* PBXContainerItemProxy */ = {
			isa = PBXContainerItemProxy;
			containerPortal = 3F3A49032E8500B80093BDAA /* Project object */;
			proxyType = 1;
			remoteGlobalIDString = 3F3A490A2E8500B80093BDAA;
			remoteInfo = W03_Jevon;
		};
/* End PBXContainerItemProxy section */

/* Begin PBXFileReference section */
		3F3A490B2E8500B80093BDAA /* W03_Jevon.app */ = {isa = PBXFileReference; explicitFileType = wrapper.application; includeInIndex = 0; path = W03_Jevon.app; sourceTree = BUILT_PRODUCTS_DIR; };
		3F3A49182E8500B90093BDAA /* W03_JevonTests.xctest */ = {isa = PBXFileReference; explicitFileType = wrapper.cfbundle; includeInIndex = 0; path = W03_JevonTests.xctest; sourceTree = BUILT_PRODUCTS_DIR; };
		3F3A49222E8500B90093BDAA /* W03_JevonUITests.xctest */ = {isa = PBXFileReference; explicitFileType = wrapper.cfbundle; includeInIndex = 0; path = W03_JevonUITests.xctest; sourceTree = BUILT_PRODUCTS_DIR; };
/* End PBXFileReference section */

/* Begin PBXFileSystemSynchronizedRootGroup section */
		3F3A490D2E8500B80093BDAA /* W03_Jevon */ = {
			isa = PBXFileSystemSynchronizedRootGroup;
			path = W03_Jevon;
			sourceTree = "<group>";
		};
		3F3A491B2E8500B90093BDAA /* W03_JevonTests */ = {
			isa = PBXFileSystemSynchronizedRootGroup;
			path = W03_JevonTests;
			sourceTree = "<group>";
		};
		3F3A49252E8500B90093BDAA /* W03_JevonUITests */ = {
			isa = PBXFileSystemSynchronizedRootGroup;
			path = W03_JevonUITests;
			sourceTree = "<group>";
		};
/* End PBXFileSystemSynchronizedRootGroup section */

/* Begin PBXFrameworksBuildPhase section */
		3F3A49082E8500B80093BDAA /* Frameworks */ = {
			isa = PBXFrameworksBuildPhase;
			buildActionMask = 2147483647;
			files = (
			);
			runOnlyForDeploymentPostprocessing = 0;
		};
		3F3A49152E8500B90093BDAA /* Frameworks */ = {
			isa = PBXFrameworksBuildPhase;
			buildActionMask = 2147483647;
			files = (
			);
			runOnlyForDeploymentPostprocessing = 0;
		};
		3F3A491F2E8500B90093BDAA /* Frameworks */ = {
			isa = PBXFrameworksBuildPhase;
			buildActionMask = 2147483647;
			files = (
			);
			runOnlyForDeploymentPostprocessing = 0;
		};
/* End PBXFrameworksBuildPhase section */

/* Begin PBXGroup section */
		3F3A49022E8500B80093BDAA = {
			isa = PBXGroup;
			children = (
				3F3A490D2E8500B80093BDAA /* W03_Jevon */,
				3F3A491B2E8500B90093BDAA /* W03_JevonTests */,
				3F3A49252E8500B90093BDAA /* W03_JevonUITests */,
				3F3A490C2E8500B80093BDAA /* Products */,
			);
			sourceTree = "<group>";
		};
		3F3A490C2E8500B80093BDAA /* Products */ = {
			isa = PBXGroup;
			children = (
				3F3A490B2E8500B80093BDAA /* W03_Jevon.app */,
				3F3A49182E8500B90093BDAA /* W03_JevonTests.xctest */,
				3F3A49222E8500B90093BDAA /* W03_JevonUITests.xctest */,
			);
			name = Products;
			sourceTree = "<group>";
		};
/* End PBXGroup section */

/* Begin PBXNativeTarget section */
		3F3A490A2E8500B80093BDAA /* W03_Jevon */ = {
			isa = PBXNativeTarget;
			buildConfigurationList = 3F3A492C2E8500B90093BDAA /* Build configuration list for PBXNativeTarget "W03_Jevon" */;
			buildPhases = (
				3F3A49072E8500B80093BDAA /* Sources */,
				3F3A49082E8500B80093BDAA /* Frameworks */,
				3F3A49092E8500B80093BDAA /* Resources */,
			);
			buildRules = (
			);
			dependencies = (
			);
			fileSystemSynchronizedGroups = (
				3F3A490D2E8500B80093BDAA /* W03_Jevon */,
			);
			name = W03_Jevon;
			packageProductDependencies = (
			);
			productName = W03_Jevon;
			productReference = 3F3A490B2E8500B80093BDAA /* W03_Jevon.app */;
			productType = "com.apple.product-type.application";
		};
		3F3A49172E8500B90093BDAA /* W03_JevonTests */ = {
			isa = PBXNativeTarget;
			buildConfigurationList = 3F3A492F2E8500B90093BDAA /* Build configuration list for PBXNativeTarget "W03_JevonTests" */;
			buildPhases = (
				3F3A49142E8500B90093BDAA /* Sources */,
				3F3A49152E8500B90093BDAA /* Frameworks */,
				3F3A49162E8500B90093BDAA /* Resources */,
			);
			buildRules = (
			);
			dependencies = (
				3F3A491A2E8500B90093BDAA /* PBXTargetDependency */,
			);
			fileSystemSynchronizedGroups = (
				3F3A491B2E8500B90093BDAA /* W03_JevonTests */,
			);
			name = W03_JevonTests;
			packageProductDependencies = (
			);
			productName = W03_JevonTests;
			productReference = 3F3A49182E8500B90093BDAA /* W03_JevonTests.xctest */;
			productType = "com.apple.product-type.bundle.unit-test";
		};
		3F3A49212E8500B90093BDAA /* W03_JevonUITests */ = {
			isa = PBXNativeTarget;
			buildConfigurationList = 3F3A49322E8500B90093BDAA /* Build configuration list for PBXNativeTarget "W03_JevonUITests" */;
			buildPhases = (
				3F3A491E2E8500B90093BDAA /* Sources */,
				3F3A491F2E8500B90093BDAA /* Frameworks */,
				3F3A49202E8500B90093BDAA /* Resources */,
			);
			buildRules = (
			);
			dependencies = (
				3F3A49242E8500B90093BDAA /* PBXTargetDependency */,
			);
			fileSystemSynchronizedGroups = (
				3F3A49252E8500B90093BDAA /* W03_JevonUITests */,
			);
			name = W03_JevonUITests;
			packageProductDependencies = (
			);
			productName = W03_JevonUITests;
			productReference = 3F3A49222E8500B90093BDAA /* W03_JevonUITests.xctest */;
			productType = "com.apple.product-type.bundle.ui-testing";
		};
/* End PBXNativeTarget section */

/* Begin PBXProject section */
		3F3A49032E8500B80093BDAA /* Project object */ = {
			isa = PBXProject;
			attributes = {
				BuildIndependentTargetsInParallel = 1;
				LastSwiftUpdateCheck = 1640;
				LastUpgradeCheck = 1640;
				TargetAttributes = {
					3F3A490A2E8500B80093BDAA = {
						CreatedOnToolsVersion = 16.4;
					};
					3F3A49172E8500B90093BDAA = {
						CreatedOnToolsVersion = 16.4;
						TestTargetID = 3F3A490A2E8500B80093BDAA;
					};
					3F3A49212E8500B90093BDAA = {
						CreatedOnToolsVersion = 16.4;
						TestTargetID = 3F3A490A2E8500B80093BDAA;
					};
				};
			};
			buildConfigurationList = 3F3A49062E8500B80093BDAA /* Build configuration list for PBXProject "W03_Jevon" */;
			developmentRegion = en;
			hasScannedForEncodings = 0;
			knownRegions = (
				en,
				Base,
			);
			mainGroup = 3F3A49022E8500B80093BDAA;
			minimizedProjectReferenceProxies = 1;
			preferredProjectObjectVersion = 77;
			productRefGroup = 3F3A490C2E8500B80093BDAA /* Products */;
			projectDirPath = "";
			projectRoot = "";
			targets = (
				3F3A490A2E8500B80093BDAA /* W03_Jevon */,
				3F3A49172E8500B90093BDAA /* W03_JevonTests */,
				3F3A49212E8500B90093BDAA /* W03_JevonUITests */,
			);
		};
/* End PBXProject section */

/* Begin PBXResourcesBuildPhase section */
		3F3A49092E8500B80093BDAA /* Resources */ = {
			isa = PBXResourcesBuildPhase;
			buildActionMask = 2147483647;
			files = (
			);
			runOnlyForDeploymentPostprocessing = 0;
		};
		3F3A49162E8500B90093BDAA /* Resources */ = {
			isa = PBXResourcesBuildPhase;
			buildActionMask = 2147483647;
			files = (
			);
			runOnlyForDeploymentPostprocessing = 0;
		};
		3F3A49202E8500B90093BDAA /* Resources */ = {
			isa = PBXResourcesBuildPhase;
			buildActionMask = 2147483647;
			files = (
			);
			runOnlyForDeploymentPostprocessing = 0;
		};
/* End PBXResourcesBuildPhase section */

/* Begin PBXSourcesBuildPhase section */
		3F3A49072E8500B80093BDAA /* Sources */ = {
			isa = PBXSourcesBuildPhase;
			buildActionMask = 2147483647;
			files = (
			);
			runOnlyForDeploymentPostprocessing = 0;
		};
		3F3A49142E8500B90093BDAA /* Sources */ = {
			isa = PBXSourcesBuildPhase;
			buildActionMask = 2147483647;
			files = (
			);
			runOnlyForDeploymentPostprocessing = 0;
		};
		3F3A491E2E8500B90093BDAA /* Sources */ = {
			isa = PBXSourcesBuildPhase;
			buildActionMask = 2147483647;
			files = (
			);
			runOnlyForDeploymentPostprocessing = 0;
		};
/* End PBXSourcesBuildPhase section */

/* Begin PBXTargetDependency section */
		3F3A491A2E8500B90093BDAA /* PBXTargetDependency */ = {
			isa = PBXTargetDependency;
			target = 3F3A490A2E8500B80093BDAA /* W03_Jevon */;
			targetProxy = 3F3A49192E8500B90093BDAA /* PBXContainerItemProxy */;
		};
		3F3A49242E8500B90093BDAA /* PBXTargetDependency */ = {
			isa = PBXTargetDependency;
			target = 3F3A490A2E8500B80093BDAA /* W03_Jevon */;
			targetProxy = 3F3A49232E8500B90093BDAA /* PBXContainerItemProxy */;
		};
/* End PBXTargetDependency section */

/* Begin XCBuildConfiguration section */
		3F3A492A2E8500B90093BDAA /* Debug */ = {
			isa = XCBuildConfiguration;
			buildSettings = {
				ALWAYS_SEARCH_USER_PATHS = NO;
				ASSETCATALOG_COMPILER_GENERATE_SWIFT_ASSET_SYMBOL_EXTENSIONS = YES;
				CLANG_ANALYZER_NONNULL = YES;
				CLANG_ANALYZER_NUMBER_OBJECT_CONVERSION = YES_AGGRESSIVE;
				CLANG_CXX_LANGUAGE_STANDARD = "gnu++20";
				CLANG_ENABLE_MODULES = YES;
				CLANG_ENABLE_OBJC_ARC = YES;
				CLANG_ENABLE_OBJC_WEAK = YES;
				CLANG_WARN_BLOCK_CAPTURE_AUTORELEASING = YES;
				CLANG_WARN_BOOL_CONVERSION = YES;
				CLANG_WARN_COMMA = YES;
				CLANG_WARN_CONSTANT_CONVERSION = YES;
				CLANG_WARN_DEPRECATED_OBJC_IMPLEMENTATIONS = YES;
				CLANG_WARN_DIRECT_OBJC_ISA_USAGE = YES_ERROR;
				CLANG_WARN_DOCUMENTATION_COMMENTS = YES;
				CLANG_WARN_EMPTY_BODY = YES;
				CLANG_WARN_ENUM_CONVERSION = YES;
				CLANG_WARN_INFINITE_RECURSION = YES;
				CLANG_WARN_INT_CONVERSION = YES;
				CLANG_WARN_NON_LITERAL_NULL_CONVERSION = YES;
				CLANG_WARN_OBJC_IMPLICIT_RETAIN_SELF = YES;
				CLANG_WARN_OBJC_LITERAL_CONVERSION = YES;
				CLANG_WARN_OBJC_ROOT_CLASS = YES_ERROR;
				CLANG_WARN_QUOTED_INCLUDE_IN_FRAMEWORK_HEADER = YES;
				CLANG_WARN_RANGE_LOOP_ANALYSIS = YES;
				CLANG_WARN_STRICT_PROTOTYPES = YES;
				CLANG_WARN_SUSPICIOUS_MOVE = YES;
				CLANG_WARN_UNGUARDED_AVAILABILITY = YES_AGGRESSIVE;
				CLANG_WARN_UNREACHABLE_CODE = YES;
				CLANG_WARN__DUPLICATE_METHOD_MATCH = YES;
				COPY_PHASE_STRIP = NO;
				DEBUG_INFORMATION_FORMAT = dwarf;
				ENABLE_STRICT_OBJC_MSGSEND = YES;
				ENABLE_TESTABILITY = YES;
				ENABLE_USER_SCRIPT_SANDBOXING = YES;
				GCC_C_LANGUAGE_STANDARD = gnu17;
				GCC_DYNAMIC_NO_PIC = NO;
				GCC_NO_COMMON_BLOCKS = YES;
				GCC_OPTIMIZATION_LEVEL = 0;
				GCC_PREPROCESSOR_DEFINITIONS = (
					"DEBUG=1",
					"$(inherited)",
				);
				GCC_WARN_64_TO_32_BIT_CONVERSION = YES;
				GCC_WARN_ABOUT_RETURN_TYPE = YES_ERROR;
				GCC_WARN_UNDECLARED_SELECTOR = YES;
				GCC_WARN_UNINITIALIZED_AUTOS = YES_AGGRESSIVE;
				GCC_WARN_UNUSED_FUNCTION = YES;
				GCC_WARN_UNUSED_VARIABLE = YES;
				IPHONEOS_DEPLOYMENT_TARGET = 18.5;
				LOCALIZATION_PREFERS_STRING_CATALOGS = YES;
				MTL_ENABLE_DEBUG_INFO = INCLUDE_SOURCE;
				MTL_FAST_MATH = YES;
				ONLY_ACTIVE_ARCH = YES;
				SDKROOT = iphoneos;
				SWIFT_ACTIVE_COMPILATION_CONDITIONS = "DEBUG $(inherited)";
				SWIFT_OPTIMIZATION_LEVEL = "-Onone";
			};
			name = Debug;
		};
		3F3A492B2E8500B90093BDAA /* Release */ = {
			isa = XCBuildConfiguration;
			buildSettings = {
				ALWAYS_SEARCH_USER_PATHS = NO;
				ASSETCATALOG_COMPILER_GENERATE_SWIFT_ASSET_SYMBOL_EXTENSIONS = YES;
				CLANG_ANALYZER_NONNULL = YES;
				CLANG_ANALYZER_NUMBER_OBJECT_CONVERSION = YES_AGGRESSIVE;
				CLANG_CXX_LANGUAGE_STANDARD = "gnu++20";
				CLANG_ENABLE_MODULES = YES;
				CLANG_ENABLE_OBJC_ARC = YES;
				CLANG_ENABLE_OBJC_WEAK = YES;
				CLANG_WARN_BLOCK_CAPTURE_AUTORELEASING = YES;
				CLANG_WARN_BOOL_CONVERSION = YES;
				CLANG_WARN_COMMA = YES;
				CLANG_WARN_CONSTANT_CONVERSION = YES;
				CLANG_WARN_DEPRECATED_OBJC_IMPLEMENTATIONS = YES;
				CLANG_WARN_DIRECT_OBJC_ISA_USAGE = YES_ERROR;
				CLANG_WARN_DOCUMENTATION_COMMENTS = YES;
				CLANG_WARN_EMPTY_BODY = YES;
				CLANG_WARN_ENUM_CONVERSION = YES;
				CLANG_WARN_INFINITE_RECURSION = YES;
				CLANG_WARN_INT_CONVERSION = YES;
				CLANG_WARN_NON_LITERAL_NULL_CONVERSION = YES;
				CLANG_WARN_OBJC_IMPLICIT_RETAIN_SELF = YES;
				CLANG_WARN_OBJC_LITERAL_CONVERSION = YES;
				CLANG_WARN_OBJC_ROOT_CLASS = YES_ERROR;
				CLANG_WARN_QUOTED_INCLUDE_IN_FRAMEWORK_HEADER = YES;
				CLANG_WARN_RANGE_LOOP_ANALYSIS = YES;
				CLANG_WARN_STRICT_PROTOTYPES = YES;
				CLANG_WARN_SUSPICIOUS_MOVE = YES;
				CLANG_WARN_UNGUARDED_AVAILABILITY = YES_AGGRESSIVE;
				CLANG_WARN_UNREACHABLE_CODE = YES;
				CLANG_WARN__DUPLICATE_METHOD_MATCH = YES;
				COPY_PHASE_STRIP = NO;
				DEBUG_INFORMATION_FORMAT = "dwarf-with-dsym";
				ENABLE_NS_ASSERTIONS = NO;
				ENABLE_STRICT_OBJC_MSGSEND = YES;
				ENABLE_USER_SCRIPT_SANDBOXING = YES;
				GCC_C_LANGUAGE_STANDARD = gnu17;
				GCC_NO_COMMON_BLOCKS = YES;
				GCC_WARN_64_TO_32_BIT_CONVERSION = YES;
				GCC_WARN_ABOUT_RETURN_TYPE = YES_ERROR;
				GCC_WARN_UNDECLARED_SELECTOR = YES;
				GCC_WARN_UNINITIALIZED_AUTOS = YES_AGGRESSIVE;
				GCC_WARN_UNUSED_FUNCTION = YES;
				GCC_WARN_UNUSED_VARIABLE = YES;
				IPHONEOS_DEPLOYMENT_TARGET = 18.5;
				LOCALIZATION_PREFERS_STRING_CATALOGS = YES;
				MTL_ENABLE_DEBUG_INFO = NO;
				MTL_FAST_MATH = YES;
				SDKROOT = iphoneos;
				SWIFT_COMPILATION_MODE = wholemodule;
				VALIDATE_PRODUCT = YES;
			};
			name = Release;
		};
		3F3A492D2E8500B90093BDAA /* Debug */ = {
			isa = XCBuildConfiguration;
			buildSettings = {
				ASSETCATALOG_COMPILER_APPICON_NAME = AppIcon;
				ASSETCATALOG_COMPILER_GLOBAL_ACCENT_COLOR_NAME = AccentColor;
				CODE_SIGN_STYLE = Automatic;
				CURRENT_PROJECT_VERSION = 1;
				ENABLE_PREVIEWS = YES;
				GENERATE_INFOPLIST_FILE = YES;
				INFOPLIST_KEY_UIApplicationSceneManifest_Generation = YES;
				INFOPLIST_KEY_UIApplicationSupportsIndirectInputEvents = YES;
				INFOPLIST_KEY_UILaunchScreen_Generation = YES;
				INFOPLIST_KEY_UISupportedInterfaceOrientations_iPad = "UIInterfaceOrientationPortrait UIInterfaceOrientationPortraitUpsideDown UIInterfaceOrientationLandscapeLeft UIInterfaceOrientationLandscapeRight";
				INFOPLIST_KEY_UISupportedInterfaceOrientations_iPhone = "UIInterfaceOrientationPortrait UIInterfaceOrientationLandscapeLeft UIInterfaceOrientationLandscapeRight";
				LD_RUNPATH_SEARCH_PATHS = (
					"$(inherited)",
					"@executable_path/Frameworks",
				);
				MARKETING_VERSION = 1.0;
				PRODUCT_BUNDLE_IDENTIFIER = "UC.W03-Jevon";
				PRODUCT_NAME = "$(TARGET_NAME)";
				SWIFT_EMIT_LOC_STRINGS = YES;
				SWIFT_VERSION = 5.0;
				TARGETED_DEVICE_FAMILY = "1,2";
			};
			name = Debug;
		};
		3F3A492E2E8500B90093BDAA /* Release */ = {
			isa = XCBuildConfiguration;
			buildSettings = {
				ASSETCATALOG_COMPILER_APPICON_NAME = AppIcon;
				ASSETCATALOG_COMPILER_GLOBAL_ACCENT_COLOR_NAME = AccentColor;
				CODE_SIGN_STYLE = Automatic;
				CURRENT_PROJECT_VERSION = 1;
				ENABLE_PREVIEWS = YES;
				GENERATE_INFOPLIST_FILE = YES;
				INFOPLIST_KEY_UIApplicationSceneManifest_Generation = YES;
				INFOPLIST_KEY_UIApplicationSupportsIndirectInputEvents = YES;
				INFOPLIST_KEY_UILaunchScreen_Generation = YES;
				INFOPLIST_KEY_UISupportedInterfaceOrientations_iPad = "UIInterfaceOrientationPortrait UIInterfaceOrientationPortraitUpsideDown UIInterfaceOrientationLandscapeLeft UIInterfaceOrientationLandscapeRight";
				INFOPLIST_KEY_UISupportedInterfaceOrientations_iPhone = "UIInterfaceOrientationPortrait UIInterfaceOrientationLandscapeLeft UIInterfaceOrientationLandscapeRight";
				LD_RUNPATH_SEARCH_PATHS = (
					"$(inherited)",
					"@executable_path/Frameworks",
				);
				MARKETING_VERSION = 1.0;
				PRODUCT_BUNDLE_IDENTIFIER = "UC.W03-Jevon";
				PRODUCT_NAME = "$(TARGET_NAME)";
				SWIFT_EMIT_LOC_STRINGS = YES;
				SWIFT_VERSION = 5.0;
				TARGETED_DEVICE_FAMILY = "1,2";
			};
			name = Release;
		};
		3F3A49302E8500B90093BDAA /* Debug */ = {
			isa = XCBuildConfiguration;
			buildSettings = {
				BUNDLE_LOADER = "$(TEST_HOST)";
				CODE_SIGN_STYLE = Automatic;
				CURRENT_PROJECT_VERSION = 1;
				GENERATE_INFOPLIST_FILE = YES;
				IPHONEOS_DEPLOYMENT_TARGET = 18.5;
				MARKETING_VERSION = 1.0;
				PRODUCT_BUNDLE_IDENTIFIER = "UC.W03-JevonTests";
				PRODUCT_NAME = "$(TARGET_NAME)";
				SWIFT_EMIT_LOC_STRINGS = NO;
				SWIFT_VERSION = 5.0;
				TARGETED_DEVICE_FAMILY = "1,2";
				TEST_HOST = "$(BUILT_PRODUCTS_DIR)/W03_Jevon.app/$(BUNDLE_EXECUTABLE_FOLDER_PATH)/W03_Jevon";
			};
			name = Debug;
		};
		3F3A49312E8500B90093BDAA /* Release */ = {
			isa = XCBuildConfiguration;
			buildSettings = {
				BUNDLE_LOADER = "$(TEST_HOST)";
				CODE_SIGN_STYLE = Automatic;
				CURRENT_PROJECT_VERSION = 1;
				GENERATE_INFOPLIST_FILE = YES;
				IPHONEOS_DEPLOYMENT_TARGET = 18.5;
				MARKETING_VERSION = 1.0;
				PRODUCT_BUNDLE_IDENTIFIER = "UC.W03-JevonTests";
				PRODUCT_NAME = "$(TARGET_NAME)";
				SWIFT_EMIT_LOC_STRINGS = NO;
				SWIFT_VERSION = 5.0;
				TARGETED_DEVICE_FAMILY = "1,2";
				TEST_HOST = "$(BUILT_PRODUCTS_DIR)/W03_Jevon.app/$(BUNDLE_EXECUTABLE_FOLDER_PATH)/W03_Jevon";
			};
			name = Release;
		};
		3F3A49332E8500B90093BDAA /* Debug */ = {
			isa = XCBuildConfiguration;
			buildSettings = {
				CODE_SIGN_STYLE = Automatic;
				CURRENT_PROJECT_VERSION = 1;
				GENERATE_INFOPLIST_FILE = YES;
				MARKETING_VERSION = 1.0;
				PRODUCT_BUNDLE_IDENTIFIER = "UC.W03-JevonUITests";
				PRODUCT_NAME = "$(TARGET_NAME)";
				SWIFT_EMIT_LOC_STRINGS = NO;
				SWIFT_VERSION = 5.0;
				TARGETED_DEVICE_FAMILY = "1,2";
				TEST_TARGET_NAME = W03_Jevon;
			};
			name = Debug;
		};
		3F3A49342E8500B90093BDAA /* Release */ = {
			isa = XCBuildConfiguration;
			buildSettings = {
				CODE_SIGN_STYLE = Automatic;
				CURRENT_PROJECT_VERSION = 1;
				GENERATE_INFOPLIST_FILE = YES;
				MARKETING_VERSION = 1.0;
				PRODUCT_BUNDLE_IDENTIFIER = "UC.W03-JevonUITests";
				PRODUCT_NAME = "$(TARGET_NAME)";
				SWIFT_EMIT_LOC_STRINGS = NO;
				SWIFT_VERSION = 5.0;
				TARGETED_DEVICE_FAMILY = "1,2";
				TEST_TARGET_NAME = W03_Jevon;
			};
			name = Release;
		};
/* End XCBuildConfiguration section */

/* Begin XCConfigurationList section */
		3F3A49062E8500B80093BDAA /* Build configuration list for PBXProject "W03_Jevon" */ = {
			isa = XCConfigurationList;
			buildConfigurations = (
				3F3A492A2E8500B90093BDAA /* Debug */,
				3F3A492B2E8500B90093BDAA /* Release */,
			);
			defaultConfigurationIsVisible = 0;
			defaultConfigurationName = Release;
		};
		3F3A492C2E8500B90093BDAA /* Build configuration list for PBXNativeTarget "W03_Jevon" */ = {
			isa = XCConfigurationList;
			buildConfigurations = (
				3F3A492D2E8500B90093BDAA /* Debug */,
				3F3A492E2E8500B90093BDAA /* Release */,
			);
			defaultConfigurationIsVisible = 0;
			defaultConfigurationName = Release;
		};
		3F3A492F2E8500B90093BDAA /* Build configuration list for PBXNativeTarget "W03_JevonTests" */ = {
			isa = XCConfigurationList;
			buildConfigurations = (
				3F3A49302E8500B90093BDAA /* Debug */,
				3F3A49312E8500B90093BDAA /* Release */,
			);
			defaultConfigurationIsVisible = 0;
			defaultConfigurationName = Release;
		};
		3F3A49322E8500B90093BDAA /* Build configuration list for PBXNativeTarget "W03_JevonUITests" */ = {
			isa = XCConfigurationList;
			buildConfigurations = (
				3F3A49332E8500B90093BDAA /* Debug */,
				3F3A49342E8500B90093BDAA /* Release */,
			);
			defaultConfigurationIsVisible = 0;
			defaultConfigurationName = Release;
		};
/* End XCConfigurationList section */
	};
	rootObject = 3F3A49032E8500B80093BDAA /* Project object */;
}
