// !$*UTF8*$!
{
	archiveVersion = 1;
	classes = {
	};
	objectVersion = 77;
	objects = {

/* Begin PBXContainerItemProxy section */
		3F4505512E8E3BB60024F62F /* PBXContainerItemProxy */ = {
			isa = PBXContainerItemProxy;
			containerPortal = 3F45053B2E8E3BB50024F62F /* Project object */;
			proxyType = 1;
			remoteGlobalIDString = 3F4505422E8E3BB50024F62F;
			remoteInfo = W04_CA_Jevon;
		};
		3F45055B2E8E3BB60024F62F /* PBXContainerItemProxy */ = {
			isa = PBXContainerItemProxy;
			containerPortal = 3F45053B2E8E3BB50024F62F /* Project object */;
			proxyType = 1;
			remoteGlobalIDString = 3F4505422E8E3BB50024F62F;
			remoteInfo = W04_CA_Jevon;
		};
/* End PBXContainerItemProxy section */

/* Begin PBXFileReference section */
		3F4505432E8E3BB50024F62F /* W04_CA_Jevon.app */ = {isa = PBXFileReference; explicitFileType = wrapper.application; includeInIndex = 0; path = W04_CA_Jevon.app; sourceTree = BUILT_PRODUCTS_DIR; };
		3F4505502E8E3BB60024F62F /* W04_CA_JevonTests.xctest */ = {isa = PBXFileReference; explicitFileType = wrapper.cfbundle; includeInIndex = 0; path = W04_CA_JevonTests.xctest; sourceTree = BUILT_PRODUCTS_DIR; };
		3F45055A2E8E3BB60024F62F /* W04_CA_JevonUITests.xctest */ = {isa = PBXFileReference; explicitFileType = wrapper.cfbundle; includeInIndex = 0; path = W04_CA_JevonUITests.xctest; sourceTree = BUILT_PRODUCTS_DIR; };
/* End PBXFileReference section */

/* Begin PBXFileSystemSynchronizedRootGroup section */
		3F4505452E8E3BB50024F62F /* W04_CA_Jevon */ = {
			isa = PBXFileSystemSynchronizedRootGroup;
			path = W04_CA_Jevon;
			sourceTree = "<group>";
		};
		3F4505532E8E3BB60024F62F /* W04_CA_JevonTests */ = {
			isa = PBXFileSystemSynchronizedRootGroup;
			path = W04_CA_JevonTests;
			sourceTree = "<group>";
		};
		3F45055D2E8E3BB60024F62F /* W04_CA_JevonUITests */ = {
			isa = PBXFileSystemSynchronizedRootGroup;
			path = W04_CA_JevonUITests;
			sourceTree = "<group>";
		};
/* End PBXFileSystemSynchronizedRootGroup section */

/* Begin PBXFrameworksBuildPhase section */
		3F4505402E8E3BB50024F62F /* Frameworks */ = {
			isa = PBXFrameworksBuildPhase;
			buildActionMask = 2147483647;
			files = (
			);
			runOnlyForDeploymentPostprocessing = 0;
		};
		3F45054D2E8E3BB60024F62F /* Frameworks */ = {
			isa = PBXFrameworksBuildPhase;
			buildActionMask = 2147483647;
			files = (
			);
			runOnlyForDeploymentPostprocessing = 0;
		};
		3F4505572E8E3BB60024F62F /* Frameworks */ = {
			isa = PBXFrameworksBuildPhase;
			buildActionMask = 2147483647;
			files = (
			);
			runOnlyForDeploymentPostprocessing = 0;
		};
/* End PBXFrameworksBuildPhase section */

/* Begin PBXGroup section */
		3F45053A2E8E3BB50024F62F = {
			isa = PBXGroup;
			children = (
				3F4505452E8E3BB50024F62F /* W04_CA_Jevon */,
				3F4505532E8E3BB60024F62F /* W04_CA_JevonTests */,
				3F45055D2E8E3BB60024F62F /* W04_CA_JevonUITests */,
				3F4505442E8E3BB50024F62F /* Products */,
			);
			sourceTree = "<group>";
		};
		3F4505442E8E3BB50024F62F /* Products */ = {
			isa = PBXGroup;
			children = (
				3F4505432E8E3BB50024F62F /* W04_CA_Jevon.app */,
				3F4505502E8E3BB60024F62F /* W04_CA_JevonTests.xctest */,
				3F45055A2E8E3BB60024F62F /* W04_CA_JevonUITests.xctest */,
			);
			name = Products;
			sourceTree = "<group>";
		};
/* End PBXGroup section */

/* Begin PBXNativeTarget section */
		3F4505422E8E3BB50024F62F /* W04_CA_Jevon */ = {
			isa = PBXNativeTarget;
			buildConfigurationList = 3F4505642E8E3BB60024F62F /* Build configuration list for PBXNativeTarget "W04_CA_Jevon" */;
			buildPhases = (
				3F45053F2E8E3BB50024F62F /* Sources */,
				3F4505402E8E3BB50024F62F /* Frameworks */,
				3F4505412E8E3BB50024F62F /* Resources */,
			);
			buildRules = (
			);
			dependencies = (
			);
			fileSystemSynchronizedGroups = (
				3F4505452E8E3BB50024F62F /* W04_CA_Jevon */,
			);
			name = W04_CA_Jevon;
			packageProductDependencies = (
			);
			productName = W04_CA_Jevon;
			productReference = 3F4505432E8E3BB50024F62F /* W04_CA_Jevon.app */;
			productType = "com.apple.product-type.application";
		};
		3F45054F2E8E3BB60024F62F /* W04_CA_JevonTests */ = {
			isa = PBXNativeTarget;
			buildConfigurationList = 3F4505672E8E3BB60024F62F /* Build configuration list for PBXNativeTarget "W04_CA_JevonTests" */;
			buildPhases = (
				3F45054C2E8E3BB60024F62F /* Sources */,
				3F45054D2E8E3BB60024F62F /* Frameworks */,
				3F45054E2E8E3BB60024F62F /* Resources */,
			);
			buildRules = (
			);
			dependencies = (
				3F4505522E8E3BB60024F62F /* PBXTargetDependency */,
			);
			fileSystemSynchronizedGroups = (
				3F4505532E8E3BB60024F62F /* W04_CA_JevonTests */,
			);
			name = W04_CA_JevonTests;
			packageProductDependencies = (
			);
			productName = W04_CA_JevonTests;
			productReference = 3F4505502E8E3BB60024F62F /* W04_CA_JevonTests.xctest */;
			productType = "com.apple.product-type.bundle.unit-test";
		};
		3F4505592E8E3BB60024F62F /* W04_CA_JevonUITests */ = {
			isa = PBXNativeTarget;
			buildConfigurationList = 3F45056A2E8E3BB60024F62F /* Build configuration list for PBXNativeTarget "W04_CA_JevonUITests" */;
			buildPhases = (
				3F4505562E8E3BB60024F62F /* Sources */,
				3F4505572E8E3BB60024F62F /* Frameworks */,
				3F4505582E8E3BB60024F62F /* Resources */,
			);
			buildRules = (
			);
			dependencies = (
				3F45055C2E8E3BB60024F62F /* PBXTargetDependency */,
			);
			fileSystemSynchronizedGroups = (
				3F45055D2E8E3BB60024F62F /* W04_CA_JevonUITests */,
			);
			name = W04_CA_JevonUITests;
			packageProductDependencies = (
			);
			productName = W04_CA_JevonUITests;
			productReference = 3F45055A2E8E3BB60024F62F /* W04_CA_JevonUITests.xctest */;
			productType = "com.apple.product-type.bundle.ui-testing";
		};
/* End PBXNativeTarget section */

/* Begin PBXProject section */
		3F45053B2E8E3BB50024F62F /* Project object */ = {
			isa = PBXProject;
			attributes = {
				BuildIndependentTargetsInParallel = 1;
				LastSwiftUpdateCheck = 1640;
				LastUpgradeCheck = 1640;
				TargetAttributes = {
					3F4505422E8E3BB50024F62F = {
						CreatedOnToolsVersion = 16.4;
					};
					3F45054F2E8E3BB60024F62F = {
						CreatedOnToolsVersion = 16.4;
						TestTargetID = 3F4505422E8E3BB50024F62F;
					};
					3F4505592E8E3BB60024F62F = {
						CreatedOnToolsVersion = 16.4;
						TestTargetID = 3F4505422E8E3BB50024F62F;
					};
				};
			};
			buildConfigurationList = 3F45053E2E8E3BB50024F62F /* Build configuration list for PBXProject "W04_CA_Jevon" */;
			developmentRegion = en;
			hasScannedForEncodings = 0;
			knownRegions = (
				en,
				Base,
			);
			mainGroup = 3F45053A2E8E3BB50024F62F;
			minimizedProjectReferenceProxies = 1;
			preferredProjectObjectVersion = 77;
			productRefGroup = 3F4505442E8E3BB50024F62F /* Products */;
			projectDirPath = "";
			projectRoot = "";
			targets = (
				3F4505422E8E3BB50024F62F /* W04_CA_Jevon */,
				3F45054F2E8E3BB60024F62F /* W04_CA_JevonTests */,
				3F4505592E8E3BB60024F62F /* W04_CA_JevonUITests */,
			);
		};
/* End PBXProject section */

/* Begin PBXResourcesBuildPhase section */
		3F4505412E8E3BB50024F62F /* Resources */ = {
			isa = PBXResourcesBuildPhase;
			buildActionMask = 2147483647;
			files = (
			);
			runOnlyForDeploymentPostprocessing = 0;
		};
		3F45054E2E8E3BB60024F62F /* Resources */ = {
			isa = PBXResourcesBuildPhase;
			buildActionMask = 2147483647;
			files = (
			);
			runOnlyForDeploymentPostprocessing = 0;
		};
		3F4505582E8E3BB60024F62F /* Resources */ = {
			isa = PBXResourcesBuildPhase;
			buildActionMask = 2147483647;
			files = (
			);
			runOnlyForDeploymentPostprocessing = 0;
		};
/* End PBXResourcesBuildPhase section */

/* Begin PBXSourcesBuildPhase section */
		3F45053F2E8E3BB50024F62F /* Sources */ = {
			isa = PBXSourcesBuildPhase;
			buildActionMask = 2147483647;
			files = (
			);
			runOnlyForDeploymentPostprocessing = 0;
		};
		3F45054C2E8E3BB60024F62F /* Sources */ = {
			isa = PBXSourcesBuildPhase;
			buildActionMask = 2147483647;
			files = (
			);
			runOnlyForDeploymentPostprocessing = 0;
		};
		3F4505562E8E3BB60024F62F /* Sources */ = {
			isa = PBXSourcesBuildPhase;
			buildActionMask = 2147483647;
			files = (
			);
			runOnlyForDeploymentPostprocessing = 0;
		};
/* End PBXSourcesBuildPhase section */

/* Begin PBXTargetDependency section */
		3F4505522E8E3BB60024F62F /* PBXTargetDependency */ = {
			isa = PBXTargetDependency;
			target = 3F4505422E8E3BB50024F62F /* W04_CA_Jevon */;
			targetProxy = 3F4505512E8E3BB60024F62F /* PBXContainerItemProxy */;
		};
		3F45055C2E8E3BB60024F62F /* PBXTargetDependency */ = {
			isa = PBXTargetDependency;
			target = 3F4505422E8E3BB50024F62F /* W04_CA_Jevon */;
			targetProxy = 3F45055B2E8E3BB60024F62F /* PBXContainerItemProxy */;
		};
/* End PBXTargetDependency section */

/* Begin XCBuildConfiguration section */
		3F4505622E8E3BB60024F62F /* Debug */ = {
			isa = XCBuildConfiguration;
			buildSettings = {
				ALWAYS_SEARCH_USER_PATHS = NO;
				ASSETCATALOG_COMPILER_GENERATE_SWIFT_ASSET_SYMBOL_EXTENSIONS = YES;
				CLANG_ANALYZER_NONNULL = YES;
				CLANG_ANALYZER_NUMBER_OBJECT_CONVERSION = YES_AGGRESSIVE;
				CLANG_CXX_LANGUAGE_STANDARD = "gnu++20";
				CLANG_ENABLE_MODULES = YES;
				CLANG_ENABLE_OBJC_ARC = YES;
				CLANG_ENABLE_OBJC_WEAK = YES;
				CLANG_WARN_BLOCK_CAPTURE_AUTORELEASING = YES;
				CLANG_WARN_BOOL_CONVERSION = YES;
				CLANG_WARN_COMMA = YES;
				CLANG_WARN_CONSTANT_CONVERSION = YES;
				CLANG_WARN_DEPRECATED_OBJC_IMPLEMENTATIONS = YES;
				CLANG_WARN_DIRECT_OBJC_ISA_USAGE = YES_ERROR;
				CLANG_WARN_DOCUMENTATION_COMMENTS = YES;
				CLANG_WARN_EMPTY_BODY = YES;
				CLANG_WARN_ENUM_CONVERSION = YES;
				CLANG_WARN_INFINITE_RECURSION = YES;
				CLANG_WARN_INT_CONVERSION = YES;
				CLANG_WARN_NON_LITERAL_NULL_CONVERSION = YES;
				CLANG_WARN_OBJC_IMPLICIT_RETAIN_SELF = YES;
				CLANG_WARN_OBJC_LITERAL_CONVERSION = YES;
				CLANG_WARN_OBJC_ROOT_CLASS = YES_ERROR;
				CLANG_WARN_QUOTED_INCLUDE_IN_FRAMEWORK_HEADER = YES;
				CLANG_WARN_RANGE_LOOP_ANALYSIS = YES;
				CLANG_WARN_STRICT_PROTOTYPES = YES;
				CLANG_WARN_SUSPICIOUS_MOVE = YES;
				CLANG_WARN_UNGUARDED_AVAILABILITY = YES_AGGRESSIVE;
				CLANG_WARN_UNREACHABLE_CODE = YES;
				CLANG_WARN__DUPLICATE_METHOD_MATCH = YES;
				COPY_PHASE_STRIP = NO;
				DEBUG_INFORMATION_FORMAT = dwarf;
				ENABLE_STRICT_OBJC_MSGSEND = YES;
				ENABLE_TESTABILITY = YES;
				ENABLE_USER_SCRIPT_SANDBOXING = YES;
				GCC_C_LANGUAGE_STANDARD = gnu17;
				GCC_DYNAMIC_NO_PIC = NO;
				GCC_NO_COMMON_BLOCKS = YES;
				GCC_OPTIMIZATION_LEVEL = 0;
				GCC_PREPROCESSOR_DEFINITIONS = (
					"DEBUG=1",
					"$(inherited)",
				);
				GCC_WARN_64_TO_32_BIT_CONVERSION = YES;
				GCC_WARN_ABOUT_RETURN_TYPE = YES_ERROR;
				GCC_WARN_UNDECLARED_SELECTOR = YES;
				GCC_WARN_UNINITIALIZED_AUTOS = YES_AGGRESSIVE;
				GCC_WARN_UNUSED_FUNCTION = YES;
				GCC_WARN_UNUSED_VARIABLE = YES;
				IPHONEOS_DEPLOYMENT_TARGET = 18.5;
				LOCALIZATION_PREFERS_STRING_CATALOGS = YES;
				MTL_ENABLE_DEBUG_INFO = INCLUDE_SOURCE;
				MTL_FAST_MATH = YES;
				ONLY_ACTIVE_ARCH = YES;
				SDKROOT = iphoneos;
				SWIFT_ACTIVE_COMPILATION_CONDITIONS = "DEBUG $(inherited)";
				SWIFT_OPTIMIZATION_LEVEL = "-Onone";
			};
			name = Debug;
		};
		3F4505632E8E3BB60024F62F /* Release */ = {
			isa = XCBuildConfiguration;
			buildSettings = {
				ALWAYS_SEARCH_USER_PATHS = NO;
				ASSETCATALOG_COMPILER_GENERATE_SWIFT_ASSET_SYMBOL_EXTENSIONS = YES;
				CLANG_ANALYZER_NONNULL = YES;
				CLANG_ANALYZER_NUMBER_OBJECT_CONVERSION = YES_AGGRESSIVE;
				CLANG_CXX_LANGUAGE_STANDARD = "gnu++20";
				CLANG_ENABLE_MODULES = YES;
				CLANG_ENABLE_OBJC_ARC = YES;
				CLANG_ENABLE_OBJC_WEAK = YES;
				CLANG_WARN_BLOCK_CAPTURE_AUTORELEASING = YES;
				CLANG_WARN_BOOL_CONVERSION = YES;
				CLANG_WARN_COMMA = YES;
				CLANG_WARN_CONSTANT_CONVERSION = YES;
				CLANG_WARN_DEPRECATED_OBJC_IMPLEMENTATIONS = YES;
				CLANG_WARN_DIRECT_OBJC_ISA_USAGE = YES_ERROR;
				CLANG_WARN_DOCUMENTATION_COMMENTS = YES;
				CLANG_WARN_EMPTY_BODY = YES;
				CLANG_WARN_ENUM_CONVERSION = YES;
				CLANG_WARN_INFINITE_RECURSION = YES;
				CLANG_WARN_INT_CONVERSION = YES;
				CLANG_WARN_NON_LITERAL_NULL_CONVERSION = YES;
				CLANG_WARN_OBJC_IMPLICIT_RETAIN_SELF = YES;
				CLANG_WARN_OBJC_LITERAL_CONVERSION = YES;
				CLANG_WARN_OBJC_ROOT_CLASS = YES_ERROR;
				CLANG_WARN_QUOTED_INCLUDE_IN_FRAMEWORK_HEADER = YES;
				CLANG_WARN_RANGE_LOOP_ANALYSIS = YES;
				CLANG_WARN_STRICT_PROTOTYPES = YES;
				CLANG_WARN_SUSPICIOUS_MOVE = YES;
				CLANG_WARN_UNGUARDED_AVAILABILITY = YES_AGGRESSIVE;
				CLANG_WARN_UNREACHABLE_CODE = YES;
				CLANG_WARN__DUPLICATE_METHOD_MATCH = YES;
				COPY_PHASE_STRIP = NO;
				DEBUG_INFORMATION_FORMAT = "dwarf-with-dsym";
				ENABLE_NS_ASSERTIONS = NO;
				ENABLE_STRICT_OBJC_MSGSEND = YES;
				ENABLE_USER_SCRIPT_SANDBOXING = YES;
				GCC_C_LANGUAGE_STANDARD = gnu17;
				GCC_NO_COMMON_BLOCKS = YES;
				GCC_WARN_64_TO_32_BIT_CONVERSION = YES;
				GCC_WARN_ABOUT_RETURN_TYPE = YES_ERROR;
				GCC_WARN_UNDECLARED_SELECTOR = YES;
				GCC_WARN_UNINITIALIZED_AUTOS = YES_AGGRESSIVE;
				GCC_WARN_UNUSED_FUNCTION = YES;
				GCC_WARN_UNUSED_VARIABLE = YES;
				IPHONEOS_DEPLOYMENT_TARGET = 18.5;
				LOCALIZATION_PREFERS_STRING_CATALOGS = YES;
				MTL_ENABLE_DEBUG_INFO = NO;
				MTL_FAST_MATH = YES;
				SDKROOT = iphoneos;
				SWIFT_COMPILATION_MODE = wholemodule;
				VALIDATE_PRODUCT = YES;
			};
			name = Release;
		};
		3F4505652E8E3BB60024F62F /* Debug */ = {
			isa = XCBuildConfiguration;
			buildSettings = {
				ASSETCATALOG_COMPILER_APPICON_NAME = AppIcon;
				ASSETCATALOG_COMPILER_GLOBAL_ACCENT_COLOR_NAME = AccentColor;
				CODE_SIGN_STYLE = Automatic;
				CURRENT_PROJECT_VERSION = 1;
				ENABLE_PREVIEWS = YES;
				GENERATE_INFOPLIST_FILE = YES;
				INFOPLIST_KEY_UIApplicationSceneManifest_Generation = YES;
				INFOPLIST_KEY_UIApplicationSupportsIndirectInputEvents = YES;
				INFOPLIST_KEY_UILaunchScreen_Generation = YES;
				INFOPLIST_KEY_UISupportedInterfaceOrientations_iPad = "UIInterfaceOrientationPortrait UIInterfaceOrientationPortraitUpsideDown UIInterfaceOrientationLandscapeLeft UIInterfaceOrientationLandscapeRight";
				INFOPLIST_KEY_UISupportedInterfaceOrientations_iPhone = "UIInterfaceOrientationPortrait UIInterfaceOrientationLandscapeLeft UIInterfaceOrientationLandscapeRight";
				LD_RUNPATH_SEARCH_PATHS = (
					"$(inherited)",
					"@executable_path/Frameworks",
				);
				MARKETING_VERSION = 1.0;
				PRODUCT_BUNDLE_IDENTIFIER = "UC.W04-CA-Jevon";
				PRODUCT_NAME = "$(TARGET_NAME)";
				SWIFT_EMIT_LOC_STRINGS = YES;
				SWIFT_VERSION = 5.0;
				TARGETED_DEVICE_FAMILY = "1,2";
			};
			name = Debug;
		};
		3F4505662E8E3BB60024F62F /* Release */ = {
			isa = XCBuildConfiguration;
			buildSettings = {
				ASSETCATALOG_COMPILER_APPICON_NAME = AppIcon;
				ASSETCATALOG_COMPILER_GLOBAL_ACCENT_COLOR_NAME = AccentColor;
				CODE_SIGN_STYLE = Automatic;
				CURRENT_PROJECT_VERSION = 1;
				ENABLE_PREVIEWS = YES;
				GENERATE_INFOPLIST_FILE = YES;
				INFOPLIST_KEY_UIApplicationSceneManifest_Generation = YES;
				INFOPLIST_KEY_UIApplicationSupportsIndirectInputEvents = YES;
				INFOPLIST_KEY_UILaunchScreen_Generation = YES;
				INFOPLIST_KEY_UISupportedInterfaceOrientations_iPad = "UIInterfaceOrientationPortrait UIInterfaceOrientationPortraitUpsideDown UIInterfaceOrientationLandscapeLeft UIInterfaceOrientationLandscapeRight";
				INFOPLIST_KEY_UISupportedInterfaceOrientations_iPhone = "UIInterfaceOrientationPortrait UIInterfaceOrientationLandscapeLeft UIInterfaceOrientationLandscapeRight";
				LD_RUNPATH_SEARCH_PATHS = (
					"$(inherited)",
					"@executable_path/Frameworks",
				);
				MARKETING_VERSION = 1.0;
				PRODUCT_BUNDLE_IDENTIFIER = "UC.W04-CA-Jevon";
				PRODUCT_NAME = "$(TARGET_NAME)";
				SWIFT_EMIT_LOC_STRINGS = YES;
				SWIFT_VERSION = 5.0;
				TARGETED_DEVICE_FAMILY = "1,2";
			};
			name = Release;
		};
		3F4505682E8E3BB60024F62F /* Debug */ = {
			isa = XCBuildConfiguration;
			buildSettings = {
				BUNDLE_LOADER = "$(TEST_HOST)";
				CODE_SIGN_STYLE = Automatic;
				CURRENT_PROJECT_VERSION = 1;
				GENERATE_INFOPLIST_FILE = YES;
				IPHONEOS_DEPLOYMENT_TARGET = 18.5;
				MARKETING_VERSION = 1.0;
				PRODUCT_BUNDLE_IDENTIFIER = "UC.W04-CA-JevonTests";
				PRODUCT_NAME = "$(TARGET_NAME)";
				SWIFT_EMIT_LOC_STRINGS = NO;
				SWIFT_VERSION = 5.0;
				TARGETED_DEVICE_FAMILY = "1,2";
				TEST_HOST = "$(BUILT_PRODUCTS_DIR)/W04_CA_Jevon.app/$(BUNDLE_EXECUTABLE_FOLDER_PATH)/W04_CA_Jevon";
			};
			name = Debug;
		};
		3F4505692E8E3BB60024F62F /* Release */ = {
			isa = XCBuildConfiguration;
			buildSettings = {
				BUNDLE_LOADER = "$(TEST_HOST)";
				CODE_SIGN_STYLE = Automatic;
				CURRENT_PROJECT_VERSION = 1;
				GENERATE_INFOPLIST_FILE = YES;
				IPHONEOS_DEPLOYMENT_TARGET = 18.5;
				MARKETING_VERSION = 1.0;
				PRODUCT_BUNDLE_IDENTIFIER = "UC.W04-CA-JevonTests";
				PRODUCT_NAME = "$(TARGET_NAME)";
				SWIFT_EMIT_LOC_STRINGS = NO;
				SWIFT_VERSION = 5.0;
				TARGETED_DEVICE_FAMILY = "1,2";
				TEST_HOST = "$(BUILT_PRODUCTS_DIR)/W04_CA_Jevon.app/$(BUNDLE_EXECUTABLE_FOLDER_PATH)/W04_CA_Jevon";
			};
			name = Release;
		};
		3F45056B2E8E3BB60024F62F /* Debug */ = {
			isa = XCBuildConfiguration;
			buildSettings = {
				CODE_SIGN_STYLE = Automatic;
				CURRENT_PROJECT_VERSION = 1;
				GENERATE_INFOPLIST_FILE = YES;
				MARKETING_VERSION = 1.0;
				PRODUCT_BUNDLE_IDENTIFIER = "UC.W04-CA-JevonUITests";
				PRODUCT_NAME = "$(TARGET_NAME)";
				SWIFT_EMIT_LOC_STRINGS = NO;
				SWIFT_VERSION = 5.0;
				TARGETED_DEVICE_FAMILY = "1,2";
				TEST_TARGET_NAME = W04_CA_Jevon;
			};
			name = Debug;
		};
		3F45056C2E8E3BB60024F62F /* Release */ = {
			isa = XCBuildConfiguration;
			buildSettings = {
				CODE_SIGN_STYLE = Automatic;
				CURRENT_PROJECT_VERSION = 1;
				GENERATE_INFOPLIST_FILE = YES;
				MARKETING_VERSION = 1.0;
				PRODUCT_BUNDLE_IDENTIFIER = "UC.W04-CA-JevonUITests";
				PRODUCT_NAME = "$(TARGET_NAME)";
				SWIFT_EMIT_LOC_STRINGS = NO;
				SWIFT_VERSION = 5.0;
				TARGETED_DEVICE_FAMILY = "1,2";
				TEST_TARGET_NAME = W04_CA_Jevon;
			};
			name = Release;
		};
/* End XCBuildConfiguration section */

/* Begin XCConfigurationList section */
		3F45053E2E8E3BB50024F62F /* Build configuration list for PBXProject "W04_CA_Jevon" */ = {
			isa = XCConfigurationList;
			buildConfigurations = (
				3F4505622E8E3BB60024F62F /* Debug */,
				3F4505632E8E3BB60024F62F /* Release */,
			);
			defaultConfigurationIsVisible = 0;
			defaultConfigurationName = Release;
		};
		3F4505642E8E3BB60024F62F /* Build configuration list for PBXNativeTarget "W04_CA_Jevon" */ = {
			isa = XCConfigurationList;
			buildConfigurations = (
				3F4505652E8E3BB60024F62F /* Debug */,
				3F4505662E8E3BB60024F62F /* Release */,
			);
			defaultConfigurationIsVisible = 0;
			defaultConfigurationName = Release;
		};
		3F4505672E8E3BB60024F62F /* Build configuration list for PBXNativeTarget "W04_CA_JevonTests" */ = {
			isa = XCConfigurationList;
			buildConfigurations = (
				3F4505682E8E3BB60024F62F /* Debug */,
				3F4505692E8E3BB60024F62F /* Release */,
			);
			defaultConfigurationIsVisible = 0;
			defaultConfigurationName = Release;
		};
		3F45056A2E8E3BB60024F62F /* Build configuration list for PBXNativeTarget "W04_CA_JevonUITests" */ = {
			isa = XCConfigurationList;
			buildConfigurations = (
				3F45056B2E8E3BB60024F62F /* Debug */,
				3F45056C2E8E3BB60024F62F /* Release */,
			);
			defaultConfigurationIsVisible = 0;
			defaultConfigurationName = Release;
		};
/* End XCConfigurationList section */
	};
	rootObject = 3F45053B2E8E3BB50024F62F /* Project object */;
}
